// !$*UTF8*$!
{
	archiveVersion = 1;
	classes = {
	};
	objectVersion = 50;
	objects = {

/* Begin PBXBuildFile section */
		F22EBA23214954830006AD22 /* BookMarks.swift in Sources */ = {isa = PBXBuildFile; fileRef = F22EBA22214954830006AD22 /* BookMarks.swift */; };
		F232FAEA2147BFF700B6A89D /* droppedPin.swift in Sources */ = {isa = PBXBuildFile; fileRef = F232FAE92147BFF700B6A89D /* droppedPin.swift */; };
		F2C01FCE214695020080CEA1 /* AppDelegate.swift in Sources */ = {isa = PBXBuildFile; fileRef = F2C01FCD214695020080CEA1 /* AppDelegate.swift */; };
		F2C01FD0214695020080CEA1 /* Map.swift in Sources */ = {isa = PBXBuildFile; fileRef = F2C01FCF214695020080CEA1 /* Map.swift */; };
		F2C01FD3214695020080CEA1 /* Main.storyboard in Resources */ = {isa = PBXBuildFile; fileRef = F2C01FD1214695020080CEA1 /* Main.storyboard */; };
		F2C01FD5214695080080CEA1 /* Assets.xcassets in Resources */ = {isa = PBXBuildFile; fileRef = F2C01FD4214695080080CEA1 /* Assets.xcassets */; };
		F2C01FD8214695080080CEA1 /* LaunchScreen.storyboard in Resources */ = {isa = PBXBuildFile; fileRef = F2C01FD6214695080080CEA1 /* LaunchScreen.storyboard */; };
		F2C01FE3214695080080CEA1 /* taskIOTBLUETests.swift in Sources */ = {isa = PBXBuildFile; fileRef = F2C01FE2214695080080CEA1 /* taskIOTBLUETests.swift */; };
		F2C01FEE214695080080CEA1 /* taskIOTBLUEUITests.swift in Sources */ = {isa = PBXBuildFile; fileRef = F2C01FED214695080080CEA1 /* taskIOTBLUEUITests.swift */; };
		F2DD3166214A879400109ADD /* cellDesgin.swift in Sources */ = {isa = PBXBuildFile; fileRef = F2DD3164214A879400109ADD /* cellDesgin.swift */; };
		F2DD3167214A879400109ADD /* cellDesgin.xib in Resources */ = {isa = PBXBuildFile; fileRef = F2DD3165214A879400109ADD /* cellDesgin.xib */; };
/* End PBXBuildFile section */

/* Begin PBXContainerItemProxy section */
		F2C01FDF214695080080CEA1 /* PBXContainerItemProxy */ = {
			isa = PBXContainerItemProxy;
			containerPortal = F2C01FC2214695020080CEA1 /* Project object */;
			proxyType = 1;
			remoteGlobalIDString = F2C01FC9214695020080CEA1;
			remoteInfo = taskIOTBLUE;
		};
		F2C01FEA214695080080CEA1 /* PBXContainerItemProxy */ = {
			isa = PBXContainerItemProxy;
			containerPortal = F2C01FC2214695020080CEA1 /* Project object */;
			proxyType = 1;
			remoteGlobalIDString = F2C01FC9214695020080CEA1;
			remoteInfo = taskIOTBLUE;
		};
/* End PBXContainerItemProxy section */

/* Begin PBXFileReference section */
		F22EBA22214954830006AD22 /* BookMarks.swift */ = {isa = PBXFileReference; lastKnownFileType = sourcecode.swift; name = BookMarks.swift; path = ../../BookMarks.swift; sourceTree = "<group>"; };
		F232FAE92147BFF700B6A89D /* droppedPin.swift */ = {isa = PBXFileReference; lastKnownFileType = sourcecode.swift; path = droppedPin.swift; sourceTree = "<group>"; };
		F2C01FCA214695020080CEA1 /* taskIOTBLUE.app */ = {isa = PBXFileReference; explicitFileType = wrapper.application; includeInIndex = 0; path = taskIOTBLUE.app; sourceTree = BUILT_PRODUCTS_DIR; };
		F2C01FCD214695020080CEA1 /* AppDelegate.swift */ = {isa = PBXFileReference; lastKnownFileType = sourcecode.swift; path = AppDelegate.swift; sourceTree = "<group>"; };
		F2C01FCF214695020080CEA1 /* Map.swift */ = {isa = PBXFileReference; lastKnownFileType = sourcecode.swift; path = Map.swift; sourceTree = "<group>"; };
		F2C01FD2214695020080CEA1 /* Base */ = {isa = PBXFileReference; lastKnownFileType = file.storyboard; name = Base; path = Base.lproj/Main.storyboard; sourceTree = "<group>"; };
		F2C01FD4214695080080CEA1 /* Assets.xcassets */ = {isa = PBXFileReference; lastKnownFileType = folder.assetcatalog; path = Assets.xcassets; sourceTree = "<group>"; };
		F2C01FD7214695080080CEA1 /* Base */ = {isa = PBXFileReference; lastKnownFileType = file.storyboard; name = Base; path = Base.lproj/LaunchScreen.storyboard; sourceTree = "<group>"; };
		F2C01FD9214695080080CEA1 /* Info.plist */ = {isa = PBXFileReference; lastKnownFileType = text.plist.xml; path = Info.plist; sourceTree = "<group>"; };
		F2C01FDE214695080080CEA1 /* taskIOTBLUETests.xctest */ = {isa = PBXFileReference; explicitFileType = wrapper.cfbundle; includeInIndex = 0; path = taskIOTBLUETests.xctest; sourceTree = BUILT_PRODUCTS_DIR; };
		F2C01FE2214695080080CEA1 /* taskIOTBLUETests.swift */ = {isa = PBXFileReference; lastKnownFileType = sourcecode.swift; path = taskIOTBLUETests.swift; sourceTree = "<group>"; };
		F2C01FE4214695080080CEA1 /* Info.plist */ = {isa = PBXFileReference; lastKnownFileType = text.plist.xml; path = Info.plist; sourceTree = "<group>"; };
		F2C01FE9214695080080CEA1 /* taskIOTBLUEUITests.xctest */ = {isa = PBXFileReference; explicitFileType = wrapper.cfbundle; includeInIndex = 0; path = taskIOTBLUEUITests.xctest; sourceTree = BUILT_PRODUCTS_DIR; };
		F2C01FED214695080080CEA1 /* taskIOTBLUEUITests.swift */ = {isa = PBXFileReference; lastKnownFileType = sourcecode.swift; path = taskIOTBLUEUITests.swift; sourceTree = "<group>"; };
		F2C01FEF214695080080CEA1 /* Info.plist */ = {isa = PBXFileReference; lastKnownFileType = text.plist.xml; path = Info.plist; sourceTree = "<group>"; };
		F2DD3164214A879400109ADD /* cellDesgin.swift */ = {isa = PBXFileReference; lastKnownFileType = sourcecode.swift; path = cellDesgin.swift; sourceTree = "<group>"; };
		F2DD3165214A879400109ADD /* cellDesgin.xib */ = {isa = PBXFileReference; lastKnownFileType = file.xib; path = cellDesgin.xib; sourceTree = "<group>"; };
/* End PBXFileReference section */

/* Begin PBXFrameworksBuildPhase section */
		F2C01FC7214695020080CEA1 /* Frameworks */ = {
			isa = PBXFrameworksBuildPhase;
			buildActionMask = 2147483647;
			files = (
			);
			runOnlyForDeploymentPostprocessing = 0;
		};
		F2C01FDB214695080080CEA1 /* Frameworks */ = {
			isa = PBXFrameworksBuildPhase;
			buildActionMask = 2147483647;
			files = (
			);
			runOnlyForDeploymentPostprocessing = 0;
		};
		F2C01FE6214695080080CEA1 /* Frameworks */ = {
			isa = PBXFrameworksBuildPhase;
			buildActionMask = 2147483647;
			files = (
			);
			runOnlyForDeploymentPostprocessing = 0;
		};
/* End PBXFrameworksBuildPhase section */

/* Begin PBXGroup section */
		F2C01FC1214695020080CEA1 = {
			isa = PBXGroup;
			children = (
				F2C01FCC214695020080CEA1 /* taskIOTBLUE */,
				F2C01FE1214695080080CEA1 /* taskIOTBLUETests */,
				F2C01FEC214695080080CEA1 /* taskIOTBLUEUITests */,
				F2C01FCB214695020080CEA1 /* Products */,
			);
			sourceTree = "<group>";
		};
		F2C01FCB214695020080CEA1 /* Products */ = {
			isa = PBXGroup;
			children = (
				F2C01FCA214695020080CEA1 /* taskIOTBLUE.app */,
				F2C01FDE214695080080CEA1 /* taskIOTBLUETests.xctest */,
				F2C01FE9214695080080CEA1 /* taskIOTBLUEUITests.xctest */,
			);
			name = Products;
			sourceTree = "<group>";
		};
		F2C01FCC214695020080CEA1 /* taskIOTBLUE */ = {
			isa = PBXGroup;
			children = (
				F2C01FFC2146CFA60080CEA1 /* view */,
				F2C01FFB2146ACE50080CEA1 /* Contoller */,
				F2C01FCD214695020080CEA1 /* AppDelegate.swift */,
				F2C01FD4214695080080CEA1 /* Assets.xcassets */,
				F2C01FD6214695080080CEA1 /* LaunchScreen.storyboard */,
				F2C01FD9214695080080CEA1 /* Info.plist */,
			);
			path = taskIOTBLUE;
			sourceTree = "<group>";
		};
		F2C01FE1214695080080CEA1 /* taskIOTBLUETests */ = {
			isa = PBXGroup;
			children = (
				F2C01FE2214695080080CEA1 /* taskIOTBLUETests.swift */,
				F2C01FE4214695080080CEA1 /* Info.plist */,
			);
			path = taskIOTBLUETests;
			sourceTree = "<group>";
		};
		F2C01FEC214695080080CEA1 /* taskIOTBLUEUITests */ = {
			isa = PBXGroup;
			children = (
				F2C01FED214695080080CEA1 /* taskIOTBLUEUITests.swift */,
				F2C01FEF214695080080CEA1 /* Info.plist */,
			);
			path = taskIOTBLUEUITests;
			sourceTree = "<group>";
		};
		F2C01FFB2146ACE50080CEA1 /* Contoller */ = {
			isa = PBXGroup;
			children = (
				F2C01FCF214695020080CEA1 /* Map.swift */,
				F22EBA22214954830006AD22 /* BookMarks.swift */,
			);
			path = Contoller;
			sourceTree = "<group>";
		};
		F2C01FFC2146CFA60080CEA1 /* view */ = {
			isa = PBXGroup;
			children = (
				F2C01FD1214695020080CEA1 /* Main.storyboard */,
				F232FAE92147BFF700B6A89D /* droppedPin.swift */,
				F2DD3164214A879400109ADD /* cellDesgin.swift */,
				F2DD3165214A879400109ADD /* cellDesgin.xib */,
			);
			path = view;
			sourceTree = "<group>";
		};
/* End PBXGroup section */

/* Begin PBXNativeTarget section */
		F2C01FC9214695020080CEA1 /* taskIOTBLUE */ = {
			isa = PBXNativeTarget;
			buildConfigurationList = F2C01FF2214695080080CEA1 /* Build configuration list for PBXNativeTarget "taskIOTBLUE" */;
			buildPhases = (
				F2C01FC6214695020080CEA1 /* Sources */,
				F2C01FC7214695020080CEA1 /* Frameworks */,
				F2C01FC8214695020080CEA1 /* Resources */,
			);
			buildRules = (
			);
			dependencies = (
			);
			name = taskIOTBLUE;
			productName = taskIOTBLUE;
			productReference = F2C01FCA214695020080CEA1 /* taskIOTBLUE.app */;
			productType = "com.apple.product-type.application";
		};
		F2C01FDD214695080080CEA1 /* taskIOTBLUETests */ = {
			isa = PBXNativeTarget;
			buildConfigurationList = F2C01FF5214695080080CEA1 /* Build configuration list for PBXNativeTarget "taskIOTBLUETests" */;
			buildPhases = (
				F2C01FDA214695080080CEA1 /* Sources */,
				F2C01FDB214695080080CEA1 /* Frameworks */,
				F2C01FDC214695080080CEA1 /* Resources */,
			);
			buildRules = (
			);
			dependencies = (
				F2C01FE0214695080080CEA1 /* PBXTargetDependency */,
			);
			name = taskIOTBLUETests;
			productName = taskIOTBLUETests;
			productReference = F2C01FDE214695080080CEA1 /* taskIOTBLUETests.xctest */;
			productType = "com.apple.product-type.bundle.unit-test";
		};
		F2C01FE8214695080080CEA1 /* taskIOTBLUEUITests */ = {
			isa = PBXNativeTarget;
			buildConfigurationList = F2C01FF8214695080080CEA1 /* Build configuration list for PBXNativeTarget "taskIOTBLUEUITests" */;
			buildPhases = (
				F2C01FE5214695080080CEA1 /* Sources */,
				F2C01FE6214695080080CEA1 /* Frameworks */,
				F2C01FE7214695080080CEA1 /* Resources */,
			);
			buildRules = (
			);
			dependencies = (
				F2C01FEB214695080080CEA1 /* PBXTargetDependency */,
			);
			name = taskIOTBLUEUITests;
			productName = taskIOTBLUEUITests;
			productReference = F2C01FE9214695080080CEA1 /* taskIOTBLUEUITests.xctest */;
			productType = "com.apple.product-type.bundle.ui-testing";
		};
/* End PBXNativeTarget section */

/* Begin PBXProject section */
		F2C01FC2214695020080CEA1 /* Project object */ = {
			isa = PBXProject;
			attributes = {
				LastSwiftUpdateCheck = 0940;
				LastUpgradeCheck = 0940;
				ORGANIZATIONNAME = XYZ;
				TargetAttributes = {
					F2C01FC9214695020080CEA1 = {
						CreatedOnToolsVersion = 9.4;
					};
					F2C01FDD214695080080CEA1 = {
						CreatedOnToolsVersion = 9.4;
						TestTargetID = F2C01FC9214695020080CEA1;
					};
					F2C01FE8214695080080CEA1 = {
						CreatedOnToolsVersion = 9.4;
						TestTargetID = F2C01FC9214695020080CEA1;
					};
				};
			};
			buildConfigurationList = F2C01FC5214695020080CEA1 /* Build configuration list for PBXProject "taskIOTBLUE" */;
			compatibilityVersion = "Xcode 9.3";
			developmentRegion = en;
			hasScannedForEncodings = 0;
			knownRegions = (
				en,
				Base,
			);
			mainGroup = F2C01FC1214695020080CEA1;
			productRefGroup = F2C01FCB214695020080CEA1 /* Products */;
			projectDirPath = "";
			projectRoot = "";
			targets = (
				F2C01FC9214695020080CEA1 /* taskIOTBLUE */,
				F2C01FDD214695080080CEA1 /* taskIOTBLUETests */,
				F2C01FE8214695080080CEA1 /* taskIOTBLUEUITests */,
			);
		};
/* End PBXProject section */

/* Begin PBXResourcesBuildPhase section */
		F2C01FC8214695020080CEA1 /* Resources */ = {
			isa = PBXResourcesBuildPhase;
			buildActionMask = 2147483647;
			files = (
				F2C01FD8214695080080CEA1 /* LaunchScreen.storyboard in Resources */,
				F2DD3167214A879400109ADD /* cellDesgin.xib in Resources */,
				F2C01FD5214695080080CEA1 /* Assets.xcassets in Resources */,
				F2C01FD3214695020080CEA1 /* Main.storyboard in Resources */,
			);
			runOnlyForDeploymentPostprocessing = 0;
		};
		F2C01FDC214695080080CEA1 /* Resources */ = {
			isa = PBXResourcesBuildPhase;
			buildActionMask = 2147483647;
			files = (
			);
			runOnlyForDeploymentPostprocessing = 0;
		};
		F2C01FE7214695080080CEA1 /* Resources */ = {
			isa = PBXResourcesBuildPhase;
			buildActionMask = 2147483647;
			files = (
			);
			runOnlyForDeploymentPostprocessing = 0;
		};
/* End PBXResourcesBuildPhase section */

/* Begin PBXSourcesBuildPhase section */
		F2C01FC6214695020080CEA1 /* Sources */ = {
			isa = PBXSourcesBuildPhase;
			buildActionMask = 2147483647;
			files = (
				F232FAEA2147BFF700B6A89D /* droppedPin.swift in Sources */,
				F2C01FD0214695020080CEA1 /* Map.swift in Sources */,
				F2C01FCE214695020080CEA1 /* AppDelegate.swift in Sources */,
				F22EBA23214954830006AD22 /* BookMarks.swift in Sources */,
				F2DD3166214A879400109ADD /* cellDesgin.swift in Sources */,
			);
			runOnlyForDeploymentPostprocessing = 0;
		};
		F2C01FDA214695080080CEA1 /* Sources */ = {
			isa = PBXSourcesBuildPhase;
			buildActionMask = 2147483647;
			files = (
				F2C01FE3214695080080CEA1 /* taskIOTBLUETests.swift in Sources */,
			);
			runOnlyForDeploymentPostprocessing = 0;
		};
		F2C01FE5214695080080CEA1 /* Sources */ = {
			isa = PBXSourcesBuildPhase;
			buildActionMask = 2147483647;
			files = (
				F2C01FEE214695080080CEA1 /* taskIOTBLUEUITests.swift in Sources */,
			);
			runOnlyForDeploymentPostprocessing = 0;
		};
/* End PBXSourcesBuildPhase section */

/* Begin PBXTargetDependency section */
		F2C01FE0214695080080CEA1 /* PBXTargetDependency */ = {
			isa = PBXTargetDependency;
			target = F2C01FC9214695020080CEA1 /* taskIOTBLUE */;
			targetProxy = F2C01FDF214695080080CEA1 /* PBXContainerItemProxy */;
		};
		F2C01FEB214695080080CEA1 /* PBXTargetDependency */ = {
			isa = PBXTargetDependency;
			target = F2C01FC9214695020080CEA1 /* taskIOTBLUE */;
			targetProxy = F2C01FEA214695080080CEA1 /* PBXContainerItemProxy */;
		};
/* End PBXTargetDependency section */

/* Begin PBXVariantGroup section */
		F2C01FD1214695020080CEA1 /* Main.storyboard */ = {
			isa = PBXVariantGroup;
			children = (
				F2C01FD2214695020080CEA1 /* Base */,
			);
			name = Main.storyboard;
			sourceTree = "<group>";
		};
		F2C01FD6214695080080CEA1 /* LaunchScreen.storyboard */ = {
			isa = PBXVariantGroup;
			children = (
				F2C01FD7214695080080CEA1 /* Base */,
			);
			name = LaunchScreen.storyboard;
			sourceTree = "<group>";
		};
/* End PBXVariantGroup section */

/* Begin XCBuildConfiguration section */
		F2C01FF0214695080080CEA1 /* Debug */ = {
			isa = XCBuildConfiguration;
			buildSettings = {
				ALWAYS_SEARCH_USER_PATHS = NO;
				CLANG_ANALYZER_NONNULL = YES;
				CLANG_ANALYZER_NUMBER_OBJECT_CONVERSION = YES_AGGRESSIVE;
				CLANG_CXX_LANGUAGE_STANDARD = "gnu++14";
				CLANG_CXX_LIBRARY = "libc++";
				CLANG_ENABLE_MODULES = YES;
				CLANG_ENABLE_OBJC_ARC = YES;
				CLANG_ENABLE_OBJC_WEAK = YES;
				CLANG_WARN_BLOCK_CAPTURE_AUTORELEASING = YES;
				CLANG_WARN_BOOL_CONVERSION = YES;
				CLANG_WARN_COMMA = YES;
				CLANG_WARN_CONSTANT_CONVERSION = YES;
				CLANG_WARN_DEPRECATED_OBJC_IMPLEMENTATIONS = YES;
				CLANG_WARN_DIRECT_OBJC_ISA_USAGE = YES_ERROR;
				CLANG_WARN_DOCUMENTATION_COMMENTS = YES;
				CLANG_WARN_EMPTY_BODY = YES;
				CLANG_WARN_ENUM_CONVERSION = YES;
				CLANG_WARN_INFINITE_RECURSION = YES;
				CLANG_WARN_INT_CONVERSION = YES;
				CLANG_WARN_NON_LITERAL_NULL_CONVERSION = YES;
				CLANG_WARN_OBJC_IMPLICIT_RETAIN_SELF = YES;
				CLANG_WARN_OBJC_LITERAL_CONVERSION = YES;
				CLANG_WARN_OBJC_ROOT_CLASS = YES_ERROR;
				CLANG_WARN_RANGE_LOOP_ANALYSIS = YES;
				CLANG_WARN_STRICT_PROTOTYPES = YES;
				CLANG_WARN_SUSPICIOUS_MOVE = YES;
				CLANG_WARN_UNGUARDED_AVAILABILITY = YES_AGGRESSIVE;
				CLANG_WARN_UNREACHABLE_CODE = YES;
				CLANG_WARN__DUPLICATE_METHOD_MATCH = YES;
				CODE_SIGN_IDENTITY = "iPhone Developer";
				COPY_PHASE_STRIP = NO;
				DEBUG_INFORMATION_FORMAT = dwarf;
				ENABLE_STRICT_OBJC_MSGSEND = YES;
				ENABLE_TESTABILITY = YES;
				GCC_C_LANGUAGE_STANDARD = gnu11;
				GCC_DYNAMIC_NO_PIC = NO;
				GCC_NO_COMMON_BLOCKS = YES;
				GCC_OPTIMIZATION_LEVEL = 0;
				GCC_PREPROCESSOR_DEFINITIONS = (
					"DEBUG=1",
					"$(inherited)",
				);
				GCC_WARN_64_TO_32_BIT_CONVERSION = YES;
				GCC_WARN_ABOUT_RETURN_TYPE = YES_ERROR;
				GCC_WARN_UNDECLARED_SELECTOR = YES;
				GCC_WARN_UNINITIALIZED_AUTOS = YES_AGGRESSIVE;
				GCC_WARN_UNUSED_FUNCTION = YES;
				GCC_WARN_UNUSED_VARIABLE = YES;
				IPHONEOS_DEPLOYMENT_TARGET = 11.4;
				MTL_ENABLE_DEBUG_INFO = YES;
				ONLY_ACTIVE_ARCH = YES;
				SDKROOT = iphoneos;
				SWIFT_ACTIVE_COMPILATION_CONDITIONS = DEBUG;
				SWIFT_OPTIMIZATION_LEVEL = "-Onone";
			};
			name = Debug;
		};
		F2C01FF1214695080080CEA1 /* Release */ = {
			isa = XCBuildConfiguration;
			buildSettings = {
				ALWAYS_SEARCH_USER_PATHS = NO;
				CLANG_ANALYZER_NONNULL = YES;
				CLANG_ANALYZER_NUMBER_OBJECT_CONVERSION = YES_AGGRESSIVE;
				CLANG_CXX_LANGUAGE_STANDARD = "gnu++14";
				CLANG_CXX_LIBRARY = "libc++";
				CLANG_ENABLE_MODULES = YES;
				CLANG_ENABLE_OBJC_ARC = YES;
				CLANG_ENABLE_OBJC_WEAK = YES;
				CLANG_WARN_BLOCK_CAPTURE_AUTORELEASING = YES;
				CLANG_WARN_BOOL_CONVERSION = YES;
				CLANG_WARN_COMMA = YES;
				CLANG_WARN_CONSTANT_CONVERSION = YES;
				CLANG_WARN_DEPRECATED_OBJC_IMPLEMENTATIONS = YES;
				CLANG_WARN_DIRECT_OBJC_ISA_USAGE = YES_ERROR;
				CLANG_WARN_DOCUMENTATION_COMMENTS = YES;
				CLANG_WARN_EMPTY_BODY = YES;
				CLANG_WARN_ENUM_CONVERSION = YES;
				CLANG_WARN_INFINITE_RECURSION = YES;
				CLANG_WARN_INT_CONVERSION = YES;
				CLANG_WARN_NON_LITERAL_NULL_CONVERSION = YES;
				CLANG_WARN_OBJC_IMPLICIT_RETAIN_SELF = YES;
				CLANG_WARN_OBJC_LITERAL_CONVERSION = YES;
				CLANG_WARN_OBJC_ROOT_CLASS = YES_ERROR;
				CLANG_WARN_RANGE_LOOP_ANALYSIS = YES;
				CLANG_WARN_STRICT_PROTOTYPES = YES;
				CLANG_WARN_SUSPICIOUS_MOVE = YES;
				CLANG_WARN_UNGUARDED_AVAILABILITY = YES_AGGRESSIVE;
				CLANG_WARN_UNREACHABLE_CODE = YES;
				CLANG_WARN__DUPLICATE_METHOD_MATCH = YES;
				CODE_SIGN_IDENTITY = "iPhone Developer";
				COPY_PHASE_STRIP = NO;
				DEBUG_INFORMATION_FORMAT = "dwarf-with-dsym";
				ENABLE_NS_ASSERTIONS = NO;
				ENABLE_STRICT_OBJC_MSGSEND = YES;
				GCC_C_LANGUAGE_STANDARD = gnu11;
				GCC_NO_COMMON_BLOCKS = YES;
				GCC_WARN_64_TO_32_BIT_CONVERSION = YES;
				GCC_WARN_ABOUT_RETURN_TYPE = YES_ERROR;
				GCC_WARN_UNDECLARED_SELECTOR = YES;
				GCC_WARN_UNINITIALIZED_AUTOS = YES_AGGRESSIVE;
				GCC_WARN_UNUSED_FUNCTION = YES;
				GCC_WARN_UNUSED_VARIABLE = YES;
				IPHONEOS_DEPLOYMENT_TARGET = 11.4;
				MTL_ENABLE_DEBUG_INFO = NO;
				SDKROOT = iphoneos;
				SWIFT_COMPILATION_MODE = wholemodule;
				SWIFT_OPTIMIZATION_LEVEL = "-O";
				VALIDATE_PRODUCT = YES;
			};
			name = Release;
		};
		F2C01FF3214695080080CEA1 /* Debug */ = {
			isa = XCBuildConfiguration;
			buildSettings = {
				ASSETCATALOG_COMPILER_APPICON_NAME = AppIcon;
				CODE_SIGN_STYLE = Automatic;
				DEVELOPMENT_TEAM = 668DKG99WE;
				INFOPLIST_FILE = taskIOTBLUE/Info.plist;
				LD_RUNPATH_SEARCH_PATHS = (
					"$(inherited)",
					"@executable_path/Frameworks",
				);
				PRODUCT_BUNDLE_IDENTIFIER = com.xyz.taskIOTBLUE;
				PRODUCT_NAME = "$(TARGET_NAME)";
				SWIFT_VERSION = 4.0;
				TARGETED_DEVICE_FAMILY = "1,2";
			};
			name = Debug;
		};
		F2C01FF4214695080080CEA1 /* Release */ = {
			isa = XCBuildConfiguration;
			buildSettings = {
				ASSETCATALOG_COMPILER_APPICON_NAME = AppIcon;
				CODE_SIGN_STYLE = Automatic;
				DEVELOPMENT_TEAM = 668DKG99WE;
				INFOPLIST_FILE = taskIOTBLUE/Info.plist;
				LD_RUNPATH_SEARCH_PATHS = (
					"$(inherited)",
					"@executable_path/Frameworks",
				);
				PRODUCT_BUNDLE_IDENTIFIER = com.xyz.taskIOTBLUE;
				PRODUCT_NAME = "$(TARGET_NAME)";
				SWIFT_VERSION = 4.0;
				TARGETED_DEVICE_FAMILY = "1,2";
			};
			name = Release;
		};
		F2C01FF6214695080080CEA1 /* Debug */ = {
			isa = XCBuildConfiguration;
			buildSettings = {
				ALWAYS_EMBED_SWIFT_STANDARD_LIBRARIES = YES;
				BUNDLE_LOADER = "$(TEST_HOST)";
				CODE_SIGN_STYLE = Automatic;
				DEVELOPMENT_TEAM = 668DKG99WE;
				INFOPLIST_FILE = taskIOTBLUETests/Info.plist;
				LD_RUNPATH_SEARCH_PATHS = (
					"$(inherited)",
					"@executable_path/Frameworks",
					"@loader_path/Frameworks",
				);
				PRODUCT_BUNDLE_IDENTIFIER = com.xyz.taskIOTBLUETests;
				PRODUCT_NAME = "$(TARGET_NAME)";
				SWIFT_VERSION = 4.0;
				TARGETED_DEVICE_FAMILY = "1,2";
				TEST_HOST = "$(BUILT_PRODUCTS_DIR)/taskIOTBLUE.app/taskIOTBLUE";
			};
			name = Debug;
		};
		F2C01FF7214695080080CEA1 /* Release */ = {
			isa = XCBuildConfiguration;
			buildSettings = {
				ALWAYS_EMBED_SWIFT_STANDARD_LIBRARIES = YES;
				BUNDLE_LOADER = "$(TEST_HOST)";
				CODE_SIGN_STYLE = Automatic;
				DEVELOPMENT_TEAM = 668DKG99WE;
				INFOPLIST_FILE = taskIOTBLUETests/Info.plist;
				LD_RUNPATH_SEARCH_PATHS = (
					"$(inherited)",
					"@executable_path/Frameworks",
					"@loader_path/Frameworks",
				);
				PRODUCT_BUNDLE_IDENTIFIER = com.xyz.taskIOTBLUETests;
				PRODUCT_NAME = "$(TARGET_NAME)";
				SWIFT_VERSION = 4.0;
				TARGETED_DEVICE_FAMILY = "1,2";
				TEST_HOST = "$(BUILT_PRODUCTS_DIR)/taskIOTBLUE.app/taskIOTBLUE";
			};
			name = Release;
		};
		F2C01FF9214695080080CEA1 /* Debug */ = {
			isa = XCBuildConfiguration;
			buildSettings = {
				ALWAYS_EMBED_SWIFT_STANDARD_LIBRARIES = YES;
				CODE_SIGN_STYLE = Automatic;
				DEVELOPMENT_TEAM = 668DKG99WE;
				INFOPLIST_FILE = taskIOTBLUEUITests/Info.plist;
				LD_RUNPATH_SEARCH_PATHS = (
					"$(inherited)",
					"@executable_path/Frameworks",
					"@loader_path/Frameworks",
				);
				PRODUCT_BUNDLE_IDENTIFIER = com.xyz.taskIOTBLUEUITests;
				PRODUCT_NAME = "$(TARGET_NAME)";
				SWIFT_VERSION = 4.0;
				TARGETED_DEVICE_FAMILY = "1,2";
				TEST_TARGET_NAME = taskIOTBLUE;
			};
			name = Debug;
		};
		F2C01FFA214695080080CEA1 /* Release */ = {
			isa = XCBuildConfiguration;
			buildSettings = {
				ALWAYS_EMBED_SWIFT_STANDARD_LIBRARIES = YES;
				CODE_SIGN_STYLE = Automatic;
				DEVELOPMENT_TEAM = 668DKG99WE;
				INFOPLIST_FILE = taskIOTBLUEUITests/Info.plist;
				LD_RUNPATH_SEARCH_PATHS = (
					"$(inherited)",
					"@executable_path/Frameworks",
					"@loader_path/Frameworks",
				);
				PRODUCT_BUNDLE_IDENTIFIER = com.xyz.taskIOTBLUEUITests;
				PRODUCT_NAME = "$(TARGET_NAME)";
				SWIFT_VERSION = 4.0;
				TARGETED_DEVICE_FAMILY = "1,2";
				TEST_TARGET_NAME = taskIOTBLUE;
			};
			name = Release;
		};
/* End XCBuildConfiguration section */

/* Begin XCConfigurationList section */
		F2C01FC5214695020080CEA1 /* Build configuration list for PBXProject "taskIOTBLUE" */ = {
			isa = XCConfigurationList;
			buildConfigurations = (
				F2C01FF0214695080080CEA1 /* Debug */,
				F2C01FF1214695080080CEA1 /* Release */,
			);
			defaultConfigurationIsVisible = 0;
			defaultConfigurationName = Release;
		};
		F2C01FF2214695080080CEA1 /* Build configuration list for PBXNativeTarget "taskIOTBLUE" */ = {
			isa = XCConfigurationList;
			buildConfigurations = (
				F2C01FF3214695080080CEA1 /* Debug */,
				F2C01FF4214695080080CEA1 /* Release */,
			);
			defaultConfigurationIsVisible = 0;
			defaultConfigurationName = Release;
		};
		F2C01FF5214695080080CEA1 /* Build configuration list for PBXNativeTarget "taskIOTBLUETests" */ = {
			isa = XCConfigurationList;
			buildConfigurations = (
				F2C01FF6214695080080CEA1 /* Debug */,
				F2C01FF7214695080080CEA1 /* Release */,
			);
			defaultConfigurationIsVisible = 0;
			defaultConfigurationName = Release;
		};
		F2C01FF8214695080080CEA1 /* Build configuration list for PBXNativeTarget "taskIOTBLUEUITests" */ = {
			isa = XCConfigurationList;
			buildConfigurations = (
				F2C01FF9214695080080CEA1 /* Debug */,
				F2C01FFA214695080080CEA1 /* Release */,
			);
			defaultConfigurationIsVisible = 0;
			defaultConfigurationName = Release;
		};
/* End XCConfigurationList section */
	};
	rootObject = F2C01FC2214695020080CEA1 /* Project object */;
}
